
Microsoft Visual Studio Solution File, Format Version 12.00
# Visual Studio Version 17
VisualStudioVersion = 17.4.33213.308
MinimumVisualStudioVersion = 10.0.40219.1
Project("{FAE04EC0-301F-11D3-BF4B-00C04F79EFBC}") = "bt1", "bt1\bt1.csproj", "{42AF0E87-2245-4E32-9327-B872049A1B76}"
EndProject
Project("{FAE04EC0-301F-11D3-BF4B-00C04F79EFBC}") = "bt2", "bt2\bt2.csproj", "{9AC48228-C289-4400-BBE4-D8FD7BC29163}"
EndProject
Project("{FAE04EC0-301F-11D3-BF4B-00C04F79EFBC}") = "bt3", "bt3\bt3.csproj", "{F94BD19F-80D4-4B15-A981-AD71A17B973A}"
EndProject
Project("{FAE04EC0-301F-11D3-BF4B-00C04F79EFBC}") = "bt4", "bt4\bt4.csproj", "{72ED0F88-C867-4531-89DE-1935FAB44B26}"
EndProject
Project("{FAE04EC0-301F-11D3-BF4B-00C04F79EFBC}") = "bt5", "bt5\bt5.csproj", "{740130FB-8151-45C9-99F8-85C095305478}"
EndProject
Project("{FAE04EC0-301F-11D3-BF4B-00C04F79EFBC}") = "bt6", "bt6\bt6.csproj", "{70E55F04-4050-49B3-8007-9271B07418C6}"
EndProject
Global
	GlobalSection(SolutionConfigurationPlatforms) = preSolution
		Debug|Any CPU = Debug|Any CPU
		Release|Any CPU = Release|Any CPU
	EndGlobalSection
	GlobalSection(ProjectConfigurationPlatforms) = postSolution
		{42AF0E87-2245-4E32-9327-B872049A1B76}.Debug|Any CPU.ActiveCfg = Debug|Any CPU
		{42AF0E87-2245-4E32-9327-B872049A1B76}.Debug|Any CPU.Build.0 = Debug|Any CPU
		{42AF0E87-2245-4E32-9327-B872049A1B76}.Release|Any CPU.ActiveCfg = Release|Any CPU
		{42AF0E87-2245-4E32-9327-B872049A1B76}.Release|Any CPU.Build.0 = Release|Any CPU
		{9AC48228-C289-4400-BBE4-D8FD7BC29163}.Debug|Any CPU.ActiveCfg = Debug|Any CPU
		{9AC48228-C289-4400-BBE4-D8FD7BC29163}.Debug|Any CPU.Build.0 = Debug|Any CPU
		{9AC48228-C289-4400-BBE4-D8FD7BC29163}.Release|Any CPU.ActiveCfg = Release|Any CPU
		{9AC48228-C289-4400-BBE4-D8FD7BC29163}.Release|Any CPU.Build.0 = Release|Any CPU
		{F94BD19F-80D4-4B15-A981-AD71A17B973A}.Debug|Any CPU.ActiveCfg = Debug|Any CPU
		{F94BD19F-80D4-4B15-A981-AD71A17B973A}.Debug|Any CPU.Build.0 = Debug|Any CPU
		{F94BD19F-80D4-4B15-A981-AD71A17B973A}.Release|Any CPU.ActiveCfg = Release|Any CPU
		{F94BD19F-80D4-4B15-A981-AD71A17B973A}.Release|Any CPU.Build.0 = Release|Any CPU
		{72ED0F88-C867-4531-89DE-1935FAB44B26}.Debug|Any CPU.ActiveCfg = Debug|Any CPU
		{72ED0F88-C867-4531-89DE-1935FAB44B26}.Debug|Any CPU.Build.0 = Debug|Any CPU
		{72ED0F88-C867-4531-89DE-1935FAB44B26}.Release|Any CPU.ActiveCfg = Release|Any CPU
		{72ED0F88-C867-4531-89DE-1935FAB44B26}.Release|Any CPU.Build.0 = Release|Any CPU
		{740130FB-8151-45C9-99F8-85C095305478}.Debug|Any CPU.ActiveCfg = Debug|Any CPU
		{740130FB-8151-45C9-99F8-85C095305478}.Debug|Any CPU.Build.0 = Debug|Any CPU
		{740130FB-8151-45C9-99F8-85C095305478}.Release|Any CPU.ActiveCfg = Release|Any CPU
		{740130FB-8151-45C9-99F8-85C095305478}.Release|Any CPU.Build.0 = Release|Any CPU
		{70E55F04-4050-49B3-8007-9271B07418C6}.Debug|Any CPU.ActiveCfg = Debug|Any CPU
		{70E55F04-4050-49B3-8007-9271B07418C6}.Debug|Any CPU.Build.0 = Debug|Any CPU
		{70E55F04-4050-49B3-8007-9271B07418C6}.Release|Any CPU.ActiveCfg = Release|Any CPU
		{70E55F04-4050-49B3-8007-9271B07418C6}.Release|Any CPU.Build.0 = Release|Any CPU
	EndGlobalSection
	GlobalSection(SolutionProperties) = preSolution
		HideSolutionNode = FALSE
	EndGlobalSection
	GlobalSection(ExtensibilityGlobals) = postSolution
		SolutionGuid = {4CACE16F-10F4-4144-A8CF-1EF2F62BA56C}
	EndGlobalSection
EndGlobal
